// !$*UTF8*$!
{
	archiveVersion = 1;
	classes = {
	};
	objectVersion = 50;
	objects = {

/* Begin PBXBuildFile section */
		2F84C7E72681C6D10062E5CA /* AppDelegate.swift in Sources */ = {isa = PBXBuildFile; fileRef = 2F84C7E62681C6D10062E5CA /* AppDelegate.swift */; };
		2F84C7E92681C6D10062E5CA /* SceneDelegate.swift in Sources */ = {isa = PBXBuildFile; fileRef = 2F84C7E82681C6D10062E5CA /* SceneDelegate.swift */; };
		2F84C7EB2681C6D10062E5CA /* ViewController.swift in Sources */ = {isa = PBXBuildFile; fileRef = 2F84C7EA2681C6D10062E5CA /* ViewController.swift */; };
		2F84C7EE2681C6D10062E5CA /* Main.storyboard in Resources */ = {isa = PBXBuildFile; fileRef = 2F84C7EC2681C6D10062E5CA /* Main.storyboard */; };
		2F84C7F02681C6D40062E5CA /* Assets.xcassets in Resources */ = {isa = PBXBuildFile; fileRef = 2F84C7EF2681C6D40062E5CA /* Assets.xcassets */; };
		2F84C7F32681C6D40062E5CA /* LaunchScreen.storyboard in Resources */ = {isa = PBXBuildFile; fileRef = 2F84C7F12681C6D40062E5CA /* LaunchScreen.storyboard */; };
		2F84C7FC2681CFC40062E5CA /* SwifterSwift.framework in Frameworks */ = {isa = PBXBuildFile; fileRef = 2F84C7FB2681CFC40062E5CA /* SwifterSwift.framework */; };
		2F84C7FD2681CFC40062E5CA /* SwifterSwift.framework in Embed Frameworks */ = {isa = PBXBuildFile; fileRef = 2F84C7FB2681CFC40062E5CA /* SwifterSwift.framework */; settings = {ATTRIBUTES = (CodeSignOnCopy, RemoveHeadersOnCopy, ); }; };
		CD1165D1E334A4DC57D7A45D /* Pods_CarthageDemo.framework in Frameworks */ = {isa = PBXBuildFile; fileRef = 1428B5532C268BE232D64969 /* Pods_CarthageDemo.framework */; };
/* End PBXBuildFile section */

/* Begin PBXCopyFilesBuildPhase section */
		2F84C7FE2681CFC40062E5CA /* Embed Frameworks */ = {
			isa = PBXCopyFilesBuildPhase;
			buildActionMask = 2147483647;
			dstPath = "";
			dstSubfolderSpec = 10;
			files = (
				2F84C7FD2681CFC40062E5CA /* SwifterSwift.framework in Embed Frameworks */,
			);
			name = "Embed Frameworks";
			runOnlyForDeploymentPostprocessing = 0;
		};
/* End PBXCopyFilesBuildPhase section */

/* Begin PBXFileReference section */
		1428B5532C268BE232D64969 /* Pods_CarthageDemo.framework */ = {isa = PBXFileReference; explicitFileType = wrapper.framework; includeInIndex = 0; path = Pods_CarthageDemo.framework; sourceTree = BUILT_PRODUCTS_DIR; };
		2F84C7E32681C6D10062E5CA /* CarthageDemo.app */ = {isa = PBXFileReference; explicitFileType = wrapper.application; includeInIndex = 0; path = CarthageDemo.app; sourceTree = BUILT_PRODUCTS_DIR; };
		2F84C7E62681C6D10062E5CA /* AppDelegate.swift */ = {isa = PBXFileReference; lastKnownFileType = sourcecode.swift; path = AppDelegate.swift; sourceTree = "<group>"; };
		2F84C7E82681C6D10062E5CA /* SceneDelegate.swift */ = {isa = PBXFileReference; lastKnownFileType = sourcecode.swift; path = SceneDelegate.swift; sourceTree = "<group>"; };
		2F84C7EA2681C6D10062E5CA /* ViewController.swift */ = {isa = PBXFileReference; lastKnownFileType = sourcecode.swift; path = ViewController.swift; sourceTree = "<group>"; };
		2F84C7ED2681C6D10062E5CA /* Base */ = {isa = PBXFileReference; lastKnownFileType = file.storyboard; name = Base; path = Base.lproj/Main.storyboard; sourceTree = "<group>"; };
		2F84C7EF2681C6D40062E5CA /* Assets.xcassets */ = {isa = PBXFileReference; lastKnownFileType = folder.assetcatalog; path = Assets.xcassets; sourceTree = "<group>"; };
		2F84C7F22681C6D40062E5CA /* Base */ = {isa = PBXFileReference; lastKnownFileType = file.storyboard; name = Base; path = Base.lproj/LaunchScreen.storyboard; sourceTree = "<group>"; };
		2F84C7F42681C6D40062E5CA /* Info.plist */ = {isa = PBXFileReference; lastKnownFileType = text.plist.xml; path = Info.plist; sourceTree = "<group>"; };
		2F84C7FB2681CFC40062E5CA /* SwifterSwift.framework */ = {isa = PBXFileReference; lastKnownFileType = wrapper.framework; name = SwifterSwift.framework; path = Carthage/Build/iOS/SwifterSwift.framework; sourceTree = "<group>"; };
		7DE44C67D50F45ABE9702169 /* Pods-CarthageDemo.release.xcconfig */ = {isa = PBXFileReference; includeInIndex = 1; lastKnownFileType = text.xcconfig; name = "Pods-CarthageDemo.release.xcconfig"; path = "Target Support Files/Pods-CarthageDemo/Pods-CarthageDemo.release.xcconfig"; sourceTree = "<group>"; };
		C2A9BA9BF68A04D3E63DF659 /* Pods-CarthageDemo.debug.xcconfig */ = {isa = PBXFileReference; includeInIndex = 1; lastKnownFileType = text.xcconfig; name = "Pods-CarthageDemo.debug.xcconfig"; path = "Target Support Files/Pods-CarthageDemo/Pods-CarthageDemo.debug.xcconfig"; sourceTree = "<group>"; };
/* End PBXFileReference section */

/* Begin PBXFrameworksBuildPhase section */
		2F84C7E02681C6D10062E5CA /* Frameworks */ = {
			isa = PBXFrameworksBuildPhase;
			buildActionMask = 2147483647;
			files = (
				2F84C7FC2681CFC40062E5CA /* SwifterSwift.framework in Frameworks */,
				CD1165D1E334A4DC57D7A45D /* Pods_CarthageDemo.framework in Frameworks */,
			);
			runOnlyForDeploymentPostprocessing = 0;
		};
/* End PBXFrameworksBuildPhase section */

/* Begin PBXGroup section */
		2F84C7DA2681C6D10062E5CA = {
			isa = PBXGroup;
			children = (
				2F84C7E52681C6D10062E5CA /* CarthageDemo */,
				2F84C7E42681C6D10062E5CA /* Products */,
				2F84C7FA2681CFC40062E5CA /* Frameworks */,
				39B7376B47166BBCD7FD4870 /* Pods */,
			);
			sourceTree = "<group>";
		};
		2F84C7E42681C6D10062E5CA /* Products */ = {
			isa = PBXGroup;
			children = (
				2F84C7E32681C6D10062E5CA /* CarthageDemo.app */,
			);
			name = Products;
			sourceTree = "<group>";
		};
		2F84C7E52681C6D10062E5CA /* CarthageDemo */ = {
			isa = PBXGroup;
			children = (
				2F84C7E62681C6D10062E5CA /* AppDelegate.swift */,
				2F84C7E82681C6D10062E5CA /* SceneDelegate.swift */,
				2F84C7EA2681C6D10062E5CA /* ViewController.swift */,
				2F84C7EC2681C6D10062E5CA /* Main.storyboard */,
				2F84C7EF2681C6D40062E5CA /* Assets.xcassets */,
				2F84C7F12681C6D40062E5CA /* LaunchScreen.storyboard */,
				2F84C7F42681C6D40062E5CA /* Info.plist */,
			);
			path = CarthageDemo;
			sourceTree = "<group>";
		};
		2F84C7FA2681CFC40062E5CA /* Frameworks */ = {
			isa = PBXGroup;
			children = (
				2F84C7FB2681CFC40062E5CA /* SwifterSwift.framework */,
				1428B5532C268BE232D64969 /* Pods_CarthageDemo.framework */,
			);
			name = Frameworks;
			sourceTree = "<group>";
		};
		39B7376B47166BBCD7FD4870 /* Pods */ = {
			isa = PBXGroup;
			children = (
				C2A9BA9BF68A04D3E63DF659 /* Pods-CarthageDemo.debug.xcconfig */,
				7DE44C67D50F45ABE9702169 /* Pods-CarthageDemo.release.xcconfig */,
			);
			name = Pods;
			path = Pods;
			sourceTree = "<group>";
		};
/* End PBXGroup section */

/* Begin PBXNativeTarget section */
		2F84C7E22681C6D10062E5CA /* CarthageDemo */ = {
			isa = PBXNativeTarget;
			buildConfigurationList = 2F84C7F72681C6D40062E5CA /* Build configuration list for PBXNativeTarget "CarthageDemo" */;
			buildPhases = (
				3FBB8791FC1ED4CB69E209D2 /* [CP] Check Pods Manifest.lock */,
				2F84C7DF2681C6D10062E5CA /* Sources */,
				2F84C7E02681C6D10062E5CA /* Frameworks */,
				2F84C7E12681C6D10062E5CA /* Resources */,
				2F84C7FE2681CFC40062E5CA /* Embed Frameworks */,
				2F84C7FF2681CFF70062E5CA /* ShellScript */,
				8800D2973730872425BF4B4F /* [CP] Embed Pods Frameworks */,
			);
			buildRules = (
			);
			dependencies = (
			);
			name = CarthageDemo;
			productName = CarthageDemo;
			productReference = 2F84C7E32681C6D10062E5CA /* CarthageDemo.app */;
			productType = "com.apple.product-type.application";
		};
/* End PBXNativeTarget section */

/* Begin PBXProject section */
		2F84C7DB2681C6D10062E5CA /* Project object */ = {
			isa = PBXProject;
			attributes = {
				LastSwiftUpdateCheck = 1250;
				LastUpgradeCheck = 1250;
				TargetAttributes = {
					2F84C7E22681C6D10062E5CA = {
						CreatedOnToolsVersion = 12.5;
					};
				};
			};
			buildConfigurationList = 2F84C7DE2681C6D10062E5CA /* Build configuration list for PBXProject "CarthageDemo" */;
			compatibilityVersion = "Xcode 9.3";
			developmentRegion = en;
			hasScannedForEncodings = 0;
			knownRegions = (
				en,
				Base,
			);
			mainGroup = 2F84C7DA2681C6D10062E5CA;
			productRefGroup = 2F84C7E42681C6D10062E5CA /* Products */;
			projectDirPath = "";
			projectRoot = "";
			targets = (
				2F84C7E22681C6D10062E5CA /* CarthageDemo */,
			);
		};
/* End PBXProject section */

/* Begin PBXResourcesBuildPhase section */
		2F84C7E12681C6D10062E5CA /* Resources */ = {
			isa = PBXResourcesBuildPhase;
			buildActionMask = 2147483647;
			files = (
				2F84C7F32681C6D40062E5CA /* LaunchScreen.storyboard in Resources */,
				2F84C7F02681C6D40062E5CA /* Assets.xcassets in Resources */,
				2F84C7EE2681C6D10062E5CA /* Main.storyboard in Resources */,
			);
			runOnlyForDeploymentPostprocessing = 0;
		};
/* End PBXResourcesBuildPhase section */

/* Begin PBXShellScriptBuildPhase section */
		2F84C7FF2681CFF70062E5CA /* ShellScript */ = {
			isa = PBXShellScriptBuildPhase;
			buildActionMask = 2147483647;
			files = (
			);
			inputFileListPaths = (
			);
			inputPaths = (
				"$(SRCROOT)/Carthage/Build/iOS/SwifterSwift.framework",
			);
			outputFileListPaths = (
			);
			outputPaths = (
			);
			runOnlyForDeploymentPostprocessing = 0;
			shellPath = /bin/sh;
			shellScript = "# Type a script or drag a script file from your workspace to insert its path.\n";
		};
		3FBB8791FC1ED4CB69E209D2 /* [CP] Check Pods Manifest.lock */ = {
			isa = PBXShellScriptBuildPhase;
			buildActionMask = 2147483647;
			files = (
			);
			inputFileListPaths = (
			);
			inputPaths = (
				"${PODS_PODFILE_DIR_PATH}/Podfile.lock",
				"${PODS_ROOT}/Manifest.lock",
			);
			name = "[CP] Check Pods Manifest.lock";
			outputFileListPaths = (
			);
			outputPaths = (
				"$(DERIVED_FILE_DIR)/Pods-CarthageDemo-checkManifestLockResult.txt",
			);
			runOnlyForDeploymentPostprocessing = 0;
			shellPath = /bin/sh;
			shellScript = "diff \"${PODS_PODFILE_DIR_PATH}/Podfile.lock\" \"${PODS_ROOT}/Manifest.lock\" > /dev/null\nif [ $? != 0 ] ; then\n    # print error to STDERR\n    echo \"error: The sandbox is not in sync with the Podfile.lock. Run 'pod install' or update your CocoaPods installation.\" >&2\n    exit 1\nfi\n# This output is used by Xcode 'outputs' to avoid re-running this script phase.\necho \"SUCCESS\" > \"${SCRIPT_OUTPUT_FILE_0}\"\n";
			showEnvVarsInLog = 0;
		};
		8800D2973730872425BF4B4F /* [CP] Embed Pods Frameworks */ = {
			isa = PBXShellScriptBuildPhase;
			buildActionMask = 2147483647;
			files = (
			);
			inputFileListPaths = (
				"${PODS_ROOT}/Target Support Files/Pods-CarthageDemo/Pods-CarthageDemo-frameworks-${CONFIGURATION}-input-files.xcfilelist",
			);
			name = "[CP] Embed Pods Frameworks";
			outputFileListPaths = (
				"${PODS_ROOT}/Target Support Files/Pods-CarthageDemo/Pods-CarthageDemo-frameworks-${CONFIGURATION}-output-files.xcfilelist",
			);
			runOnlyForDeploymentPostprocessing = 0;
			shellPath = /bin/sh;
			shellScript = "\"${PODS_ROOT}/Target Support Files/Pods-CarthageDemo/Pods-CarthageDemo-frameworks.sh\"\n";
			showEnvVarsInLog = 0;
		};
/* End PBXShellScriptBuildPhase section */

/* Begin PBXSourcesBuildPhase section */
		2F84C7DF2681C6D10062E5CA /* Sources */ = {
			isa = PBXSourcesBuildPhase;
			buildActionMask = 2147483647;
			files = (
				2F84C7EB2681C6D10062E5CA /* ViewController.swift in Sources */,
				2F84C7E72681C6D10062E5CA /* AppDelegate.swift in Sources */,
				2F84C7E92681C6D10062E5CA /* SceneDelegate.swift in Sources */,
			);
			runOnlyForDeploymentPostprocessing = 0;
		};
/* End PBXSourcesBuildPhase section */

/* Begin PBXVariantGroup section */
		2F84C7EC2681C6D10062E5CA /* Main.storyboard */ = {
			isa = PBXVariantGroup;
			children = (
				2F84C7ED2681C6D10062E5CA /* Base */,
			);
			name = Main.storyboard;
			sourceTree = "<group>";
		};
		2F84C7F12681C6D40062E5CA /* LaunchScreen.storyboard */ = {
			isa = PBXVariantGroup;
			children = (
				2F84C7F22681C6D40062E5CA /* Base */,
			);
			name = LaunchScreen.storyboard;
			sourceTree = "<group>";
		};
/* End PBXVariantGroup section */

/* Begin XCBuildConfiguration section */
		2F84C7F52681C6D40062E5CA /* Debug */ = {
			isa = XCBuildConfiguration;
			buildSettings = {
				ALWAYS_SEARCH_USER_PATHS = NO;
				CLANG_ANALYZER_NONNULL = YES;
				CLANG_ANALYZER_NUMBER_OBJECT_CONVERSION = YES_AGGRESSIVE;
				CLANG_CXX_LANGUAGE_STANDARD = "gnu++14";
				CLANG_CXX_LIBRARY = "libc++";
				CLANG_ENABLE_MODULES = YES;
				CLANG_ENABLE_OBJC_ARC = YES;
				CLANG_ENABLE_OBJC_WEAK = YES;
				CLANG_WARN_BLOCK_CAPTURE_AUTORELEASING = YES;
				CLANG_WARN_BOOL_CONVERSION = YES;
				CLANG_WARN_COMMA = YES;
				CLANG_WARN_CONSTANT_CONVERSION = YES;
				CLANG_WARN_DEPRECATED_OBJC_IMPLEMENTATIONS = YES;
				CLANG_WARN_DIRECT_OBJC_ISA_USAGE = YES_ERROR;
				CLANG_WARN_DOCUMENTATION_COMMENTS = YES;
				CLANG_WARN_EMPTY_BODY = YES;
				CLANG_WARN_ENUM_CONVERSION = YES;
				CLANG_WARN_INFINITE_RECURSION = YES;
				CLANG_WARN_INT_CONVERSION = YES;
				CLANG_WARN_NON_LITERAL_NULL_CONVERSION = YES;
				CLANG_WARN_OBJC_IMPLICIT_RETAIN_SELF = YES;
				CLANG_WARN_OBJC_LITERAL_CONVERSION = YES;
				CLANG_WARN_OBJC_ROOT_CLASS = YES_ERROR;
				CLANG_WARN_QUOTED_INCLUDE_IN_FRAMEWORK_HEADER = YES;
				CLANG_WARN_RANGE_LOOP_ANALYSIS = YES;
				CLANG_WARN_STRICT_PROTOTYPES = YES;
				CLANG_WARN_SUSPICIOUS_MOVE = YES;
				CLANG_WARN_UNGUARDED_AVAILABILITY = YES_AGGRESSIVE;
				CLANG_WARN_UNREACHABLE_CODE = YES;
				CLANG_WARN__DUPLICATE_METHOD_MATCH = YES;
				COPY_PHASE_STRIP = NO;
				DEBUG_INFORMATION_FORMAT = dwarf;
				ENABLE_STRICT_OBJC_MSGSEND = YES;
				ENABLE_TESTABILITY = YES;
				GCC_C_LANGUAGE_STANDARD = gnu11;
				GCC_DYNAMIC_NO_PIC = NO;
				GCC_NO_COMMON_BLOCKS = YES;
				GCC_OPTIMIZATION_LEVEL = 0;
				GCC_PREPROCESSOR_DEFINITIONS = (
					"DEBUG=1",
					"$(inherited)",
				);
				GCC_WARN_64_TO_32_BIT_CONVERSION = YES;
				GCC_WARN_ABOUT_RETURN_TYPE = YES_ERROR;
				GCC_WARN_UNDECLARED_SELECTOR = YES;
				GCC_WARN_UNINITIALIZED_AUTOS = YES_AGGRESSIVE;
				GCC_WARN_UNUSED_FUNCTION = YES;
				GCC_WARN_UNUSED_VARIABLE = YES;
				IPHONEOS_DEPLOYMENT_TARGET = 14.5;
				MTL_ENABLE_DEBUG_INFO = INCLUDE_SOURCE;
				MTL_FAST_MATH = YES;
				ONLY_ACTIVE_ARCH = YES;
				SDKROOT = iphoneos;
				SWIFT_ACTIVE_COMPILATION_CONDITIONS = DEBUG;
				SWIFT_OPTIMIZATION_LEVEL = "-Onone";
			};
			name = Debug;
		};
		2F84C7F62681C6D40062E5CA /* Release */ = {
			isa = XCBuildConfiguration;
			buildSettings = {
				ALWAYS_SEARCH_USER_PATHS = NO;
				CLANG_ANALYZER_NONNULL = YES;
				CLANG_ANALYZER_NUMBER_OBJECT_CONVERSION = YES_AGGRESSIVE;
				CLANG_CXX_LANGUAGE_STANDARD = "gnu++14";
				CLANG_CXX_LIBRARY = "libc++";
				CLANG_ENABLE_MODULES = YES;
				CLANG_ENABLE_OBJC_ARC = YES;
				CLANG_ENABLE_OBJC_WEAK = YES;
				CLANG_WARN_BLOCK_CAPTURE_AUTORELEASING = YES;
				CLANG_WARN_BOOL_CONVERSION = YES;
				CLANG_WARN_COMMA = YES;
				CLANG_WARN_CONSTANT_CONVERSION = YES;
				CLANG_WARN_DEPRECATED_OBJC_IMPLEMENTATIONS = YES;
				CLANG_WARN_DIRECT_OBJC_ISA_USAGE = YES_ERROR;
				CLANG_WARN_DOCUMENTATION_COMMENTS = YES;
				CLANG_WARN_EMPTY_BODY = YES;
				CLANG_WARN_ENUM_CONVERSION = YES;
				CLANG_WARN_INFINITE_RECURSION = YES;
				CLANG_WARN_INT_CONVERSION = YES;
				CLANG_WARN_NON_LITERAL_NULL_CONVERSION = YES;
				CLANG_WARN_OBJC_IMPLICIT_RETAIN_SELF = YES;
				CLANG_WARN_OBJC_LITERAL_CONVERSION = YES;
				CLANG_WARN_OBJC_ROOT_CLASS = YES_ERROR;
				CLANG_WARN_QUOTED_INCLUDE_IN_FRAMEWORK_HEADER = YES;
				CLANG_WARN_RANGE_LOOP_ANALYSIS = YES;
				CLANG_WARN_STRICT_PROTOTYPES = YES;
				CLANG_WARN_SUSPICIOUS_MOVE = YES;
				CLANG_WARN_UNGUARDED_AVAILABILITY = YES_AGGRESSIVE;
				CLANG_WARN_UNREACHABLE_CODE = YES;
				CLANG_WARN__DUPLICATE_METHOD_MATCH = YES;
				COPY_PHASE_STRIP = NO;
				DEBUG_INFORMATION_FORMAT = "dwarf-with-dsym";
				ENABLE_NS_ASSERTIONS = NO;
				ENABLE_STRICT_OBJC_MSGSEND = YES;
				GCC_C_LANGUAGE_STANDARD = gnu11;
				GCC_NO_COMMON_BLOCKS = YES;
				GCC_WARN_64_TO_32_BIT_CONVERSION = YES;
				GCC_WARN_ABOUT_RETURN_TYPE = YES_ERROR;
				GCC_WARN_UNDECLARED_SELECTOR = YES;
				GCC_WARN_UNINITIALIZED_AUTOS = YES_AGGRESSIVE;
				GCC_WARN_UNUSED_FUNCTION = YES;
				GCC_WARN_UNUSED_VARIABLE = YES;
				IPHONEOS_DEPLOYMENT_TARGET = 14.5;
				MTL_ENABLE_DEBUG_INFO = NO;
				MTL_FAST_MATH = YES;
				SDKROOT = iphoneos;
				SWIFT_COMPILATION_MODE = wholemodule;
				SWIFT_OPTIMIZATION_LEVEL = "-O";
				VALIDATE_PRODUCT = YES;
			};
			name = Release;
		};
		2F84C7F82681C6D40062E5CA /* Debug */ = {
			isa = XCBuildConfiguration;
			baseConfigurationReference = C2A9BA9BF68A04D3E63DF659 /* Pods-CarthageDemo.debug.xcconfig */;
			buildSettings = {
				ASSETCATALOG_COMPILER_APPICON_NAME = AppIcon;
				ASSETCATALOG_COMPILER_GLOBAL_ACCENT_COLOR_NAME = AccentColor;
				CODE_SIGN_STYLE = Automatic;
				DEVELOPMENT_TEAM = 58BG2F7YLT;
				FRAMEWORK_SEARCH_PATHS = (
					"$(inherited)",
					"$(PROJECT_DIR)/Carthage/Build/iOS",
				);
				INFOPLIST_FILE = CarthageDemo/Info.plist;
				IPHONEOS_DEPLOYMENT_TARGET = 13.0;
				LD_RUNPATH_SEARCH_PATHS = (
					"$(inherited)",
					"@executable_path/Frameworks",
				);
				PRODUCT_BUNDLE_IDENTIFIER = com.swiftDemo.www.CarthageDemo;
				PRODUCT_NAME = "$(TARGET_NAME)";
				SWIFT_VERSION = 5.0;
				TARGETED_DEVICE_FAMILY = "1,2";
			};
			name = Debug;
		};
		2F84C7F92681C6D40062E5CA /* Release */ = {
			isa = XCBuildConfiguration;
			baseConfigurationReference = 7DE44C67D50F45ABE9702169 /* Pods-CarthageDemo.release.xcconfig */;
			buildSettings = {
				ASSETCATALOG_COMPILER_APPICON_NAME = AppIcon;
				ASSETCATALOG_COMPILER_GLOBAL_ACCENT_COLOR_NAME = AccentColor;
				CODE_SIGN_STYLE = Automatic;
				DEVELOPMENT_TEAM = 58BG2F7YLT;
				FRAMEWORK_SEARCH_PATHS = (
					"$(inherited)",
					"$(PROJECT_DIR)/Carthage/Build/iOS",
				);
				INFOPLIST_FILE = CarthageDemo/Info.plist;
				IPHONEOS_DEPLOYMENT_TARGET = 13.0;
				LD_RUNPATH_SEARCH_PATHS = (
					"$(inherited)",
					"@executable_path/Frameworks",
				);
				PRODUCT_BUNDLE_IDENTIFIER = com.swiftDemo.www.CarthageDemo;
				PRODUCT_NAME = "$(TARGET_NAME)";
				SWIFT_VERSION = 5.0;
				TARGETED_DEVICE_FAMILY = "1,2";
			};
			name = Release;
		};
/* End XCBuildConfiguration section */

/* Begin XCConfigurationList section */
		2F84C7DE2681C6D10062E5CA /* Build configuration list for PBXProject "CarthageDemo" */ = {
			isa = XCConfigurationList;
			buildConfigurations = (
				2F84C7F52681C6D40062E5CA /* Debug */,
				2F84C7F62681C6D40062E5CA /* Release */,
			);
			defaultConfigurationIsVisible = 0;
			defaultConfigurationName = Release;
		};
		2F84C7F72681C6D40062E5CA /* Build configuration list for PBXNativeTarget "CarthageDemo" */ = {
			isa = XCConfigurationList;
			buildConfigurations = (
				2F84C7F82681C6D40062E5CA /* Debug */,
				2F84C7F92681C6D40062E5CA /* Release */,
			);
			defaultConfigurationIsVisible = 0;
			defaultConfigurationName = Release;
		};
/* End XCConfigurationList section */
	};
	rootObject = 2F84C7DB2681C6D10062E5CA /* Project object */;
}
